<?xml version="1.0" encoding="UTF-8"?>
<CONFIG>
  <ProjectOptions>
    <Version Value="9"/>
    <PathDelim Value="\"/>
    <General>
      <SessionStorage Value="InProjectDir"/>
      <MainUnit Value="0"/>
      <Title Value="TextSuiteTest"/>
      <ResourceType Value="res"/>
      <UseXPManifest Value="True"/>
      <Icon Value="0"/>
    </General>
    <i18n>
      <EnableI18N LFM="False"/>
    </i18n>
    <VersionInfo>
      <StringTable ProductVersion=""/>
    </VersionInfo>
    <BuildModes Count="1">
      <Item1 Name="Default" Default="True"/>
    </BuildModes>
    <PublishOptions>
      <Version Value="2"/>
    </PublishOptions>
    <RunParams>
      <local>
        <FormatVersion Value="1"/>
      </local>
    </RunParams>
    <RequiredPackages Count="1">
      <Item1>
        <PackageName Value="LCL"/>
      </Item1>
    </RequiredPackages>
    <Units Count="13">
      <Unit0>
        <Filename Value="TextSuiteTest.lpr"/>
        <IsPartOfProject Value="True"/>
      </Unit0>
      <Unit1>
        <Filename Value="uMainForm.pas"/>
        <IsPartOfProject Value="True"/>
        <ComponentName Value="MainForm"/>
        <HasResources Value="True"/>
        <ResourceBaseClass Value="Form"/>
        <UnitName Value="uMainForm"/>
      </Unit1>
      <Unit2>
        <Filename Value="..\..\utsRendererOpenGL.pas"/>
        <IsPartOfProject Value="True"/>
      </Unit2>
      <Unit3>
        <Filename Value="..\..\utsTextSuite.pas"/>
        <IsPartOfProject Value="True"/>
        <UnitName Value="utsTextSuite"/>
      </Unit3>
      <Unit4>
        <Filename Value="..\..\utsTtfUtils.pas"/>
        <IsPartOfProject Value="True"/>
      </Unit4>
      <Unit5>
        <Filename Value="..\..\utsTypes.pas"/>
        <IsPartOfProject Value="True"/>
        <UnitName Value="utsTypes"/>
      </Unit5>
      <Unit6>
        <Filename Value="..\..\utsUtils.pas"/>
        <IsPartOfProject Value="True"/>
      </Unit6>
      <Unit7>
        <Filename Value="..\..\utsFontCreatorGDI.pas"/>
        <IsPartOfProject Value="True"/>
        <UnitName Value="utsFontCreatorGDI"/>
      </Unit7>
      <Unit8>
        <Filename Value="..\..\utsCodePages.pas"/>
        <IsPartOfProject Value="True"/>
      </Unit8>
      <Unit9>
        <Filename Value="..\..\utsPostProcess.pas"/>
        <IsPartOfProject Value="True"/>
      </Unit9>
      <Unit10>
        <Filename Value="..\..\utsFontCreatorFreeType.pas"/>
        <IsPartOfProject Value="True"/>
        <UnitName Value="utsFontCreatorFreeType"/>
      </Unit10>
      <Unit11>
        <Filename Value="..\..\utsGDI.pas"/>
        <IsPartOfProject Value="True"/>
        <UnitName Value="utsGDI"/>
      </Unit11>
      <Unit12>
        <Filename Value="..\..\utsFreeType.pas"/>
        <IsPartOfProject Value="True"/>
        <UnitName Value="utsFreeType"/>
      </Unit12>
    </Units>
  </ProjectOptions>
  <CompilerOptions>
    <Version Value="11"/>
    <PathDelim Value="\"/>
    <Target>
      <Filename Value="TextSuiteTest"/>
    </Target>
    <SearchPaths>
      <IncludeFiles Value="$(ProjOutDir);old"/>
      <OtherUnitFiles Value="..\..;..\..\old;..\..\OpenGLCore"/>
      <UnitOutputDirectory Value="lib\$(TargetCPU)-$(TargetOS)"/>
    </SearchPaths>
    <Linking>
      <Debugging>
        <UseHeaptrc Value="True"/>
      </Debugging>
      <Options>
        <Win32>
          <GraphicApplication Value="True"/>
        </Win32>
      </Options>
    </Linking>
  </CompilerOptions>
  <Debugging>
    <Exceptions Count="3">
      <Item1>
        <Name Value="EAbort"/>
      </Item1>
      <Item2>
        <Name Value="ECodetoolError"/>
      </Item2>
      <Item3>
        <Name Value="EFOpenError"/>
      </Item3>
    </Exceptions>
  </Debugging>
</CONFIG>
